// !$*UTF8*$!
{
	archiveVersion = 1;
	classes = {
	};
	objectVersion = 56;
	objects = {

/* Begin PBXBuildFile section */
		0222D07E2B03C7D100E76CEA /* ClockApp.swift in Sources */ = {isa = PBXBuildFile; fileRef = 0222D07D2B03C7D100E76CEA /* ClockApp.swift */; };
		0222D0802B03C7D100E76CEA /* ContentView.swift in Sources */ = {isa = PBXBuildFile; fileRef = 0222D07F2B03C7D100E76CEA /* ContentView.swift */; };
		0222D0822B03C7D100E76CEA /* Assets.xcassets in Resources */ = {isa = PBXBuildFile; fileRef = 0222D0812B03C7D100E76CEA /* Assets.xcassets */; };
		0222D0852B03C7D100E76CEA /* Preview Assets.xcassets in Resources */ = {isa = PBXBuildFile; fileRef = 0222D0842B03C7D100E76CEA /* Preview Assets.xcassets */; };
		0222D08F2B03C7D200E76CEA /* ClockTests.swift in Sources */ = {isa = PBXBuildFile; fileRef = 0222D08E2B03C7D200E76CEA /* ClockTests.swift */; };
		0222D0992B03C7D200E76CEA /* ClockUITests.swift in Sources */ = {isa = PBXBuildFile; fileRef = 0222D0982B03C7D200E76CEA /* ClockUITests.swift */; };
		0222D09B2B03C7D200E76CEA /* ClockUITestsLaunchTests.swift in Sources */ = {isa = PBXBuildFile; fileRef = 0222D09A2B03C7D200E76CEA /* ClockUITestsLaunchTests.swift */; };
		024704A12B050C3A00E6166B /* TimerViewModel.swift in Sources */ = {isa = PBXBuildFile; fileRef = 024704A02B050C3A00E6166B /* TimerViewModel.swift */; };
		02764C802B04247100427C53 /* ButtonStyleView.swift in Sources */ = {isa = PBXBuildFile; fileRef = 02764C7F2B04247100427C53 /* ButtonStyleView.swift */; };
/* End PBXBuildFile section */

/* Begin PBXContainerItemProxy section */
		0222D08B2B03C7D200E76CEA /* PBXContainerItemProxy */ = {
			isa = PBXContainerItemProxy;
			containerPortal = 0222D0722B03C7D100E76CEA /* Project object */;
			proxyType = 1;
			remoteGlobalIDString = 0222D0792B03C7D100E76CEA;
			remoteInfo = Clock;
		};
		0222D0952B03C7D200E76CEA /* PBXContainerItemProxy */ = {
			isa = PBXContainerItemProxy;
			containerPortal = 0222D0722B03C7D100E76CEA /* Project object */;
			proxyType = 1;
			remoteGlobalIDString = 0222D0792B03C7D100E76CEA;
			remoteInfo = Clock;
		};
/* End PBXContainerItemProxy section */

/* Begin PBXFileReference section */
		0222D07A2B03C7D100E76CEA /* Clock.app */ = {isa = PBXFileReference; explicitFileType = wrapper.application; includeInIndex = 0; path = Clock.app; sourceTree = BUILT_PRODUCTS_DIR; };
		0222D07D2B03C7D100E76CEA /* ClockApp.swift */ = {isa = PBXFileReference; lastKnownFileType = sourcecode.swift; path = ClockApp.swift; sourceTree = "<group>"; };
		0222D07F2B03C7D100E76CEA /* ContentView.swift */ = {isa = PBXFileReference; lastKnownFileType = sourcecode.swift; path = ContentView.swift; sourceTree = "<group>"; };
		0222D0812B03C7D100E76CEA /* Assets.xcassets */ = {isa = PBXFileReference; lastKnownFileType = folder.assetcatalog; path = Assets.xcassets; sourceTree = "<group>"; };
		0222D0842B03C7D100E76CEA /* Preview Assets.xcassets */ = {isa = PBXFileReference; lastKnownFileType = folder.assetcatalog; path = "Preview Assets.xcassets"; sourceTree = "<group>"; };
		0222D08A2B03C7D200E76CEA /* ClockTests.xctest */ = {isa = PBXFileReference; explicitFileType = wrapper.cfbundle; includeInIndex = 0; path = ClockTests.xctest; sourceTree = BUILT_PRODUCTS_DIR; };
		0222D08E2B03C7D200E76CEA /* ClockTests.swift */ = {isa = PBXFileReference; lastKnownFileType = sourcecode.swift; path = ClockTests.swift; sourceTree = "<group>"; };
		0222D0942B03C7D200E76CEA /* ClockUITests.xctest */ = {isa = PBXFileReference; explicitFileType = wrapper.cfbundle; includeInIndex = 0; path = ClockUITests.xctest; sourceTree = BUILT_PRODUCTS_DIR; };
		0222D0982B03C7D200E76CEA /* ClockUITests.swift */ = {isa = PBXFileReference; lastKnownFileType = sourcecode.swift; path = ClockUITests.swift; sourceTree = "<group>"; };
		0222D09A2B03C7D200E76CEA /* ClockUITestsLaunchTests.swift */ = {isa = PBXFileReference; lastKnownFileType = sourcecode.swift; path = ClockUITestsLaunchTests.swift; sourceTree = "<group>"; };
		024704A02B050C3A00E6166B /* TimerViewModel.swift */ = {isa = PBXFileReference; lastKnownFileType = sourcecode.swift; path = TimerViewModel.swift; sourceTree = "<group>"; };
		02764C7F2B04247100427C53 /* ButtonStyleView.swift */ = {isa = PBXFileReference; lastKnownFileType = sourcecode.swift; path = ButtonStyleView.swift; sourceTree = "<group>"; };
/* End PBXFileReference section */

/* Begin PBXFrameworksBuildPhase section */
		0222D0772B03C7D100E76CEA /* Frameworks */ = {
			isa = PBXFrameworksBuildPhase;
			buildActionMask = 2147483647;
			files = (
			);
			runOnlyForDeploymentPostprocessing = 0;
		};
		0222D0872B03C7D200E76CEA /* Frameworks */ = {
			isa = PBXFrameworksBuildPhase;
			buildActionMask = 2147483647;
			files = (
			);
			runOnlyForDeploymentPostprocessing = 0;
		};
		0222D0912B03C7D200E76CEA /* Frameworks */ = {
			isa = PBXFrameworksBuildPhase;
			buildActionMask = 2147483647;
			files = (
			);
			runOnlyForDeploymentPostprocessing = 0;
		};
/* End PBXFrameworksBuildPhase section */

/* Begin PBXGroup section */
		0222D0712B03C7D100E76CEA = {
			isa = PBXGroup;
			children = (
				0222D07C2B03C7D100E76CEA /* Clock */,
				0222D08D2B03C7D200E76CEA /* ClockTests */,
				0222D0972B03C7D200E76CEA /* ClockUITests */,
				0222D07B2B03C7D100E76CEA /* Products */,
			);
			sourceTree = "<group>";
		};
		0222D07B2B03C7D100E76CEA /* Products */ = {
			isa = PBXGroup;
			children = (
				0222D07A2B03C7D100E76CEA /* Clock.app */,
				0222D08A2B03C7D200E76CEA /* ClockTests.xctest */,
				0222D0942B03C7D200E76CEA /* ClockUITests.xctest */,
			);
			name = Products;
			sourceTree = "<group>";
		};
		0222D07C2B03C7D100E76CEA /* Clock */ = {
			isa = PBXGroup;
			children = (
				0222D07D2B03C7D100E76CEA /* ClockApp.swift */,
				0222D07F2B03C7D100E76CEA /* ContentView.swift */,
				02764C7F2B04247100427C53 /* ButtonStyleView.swift */,
				024704A02B050C3A00E6166B /* TimerViewModel.swift */,
				0222D0812B03C7D100E76CEA /* Assets.xcassets */,
				0222D0832B03C7D100E76CEA /* Preview Content */,
			);
			path = Clock;
			sourceTree = "<group>";
		};
		0222D0832B03C7D100E76CEA /* Preview Content */ = {
			isa = PBXGroup;
			children = (
				0222D0842B03C7D100E76CEA /* Preview Assets.xcassets */,
			);
			path = "Preview Content";
			sourceTree = "<group>";
		};
		0222D08D2B03C7D200E76CEA /* ClockTests */ = {
			isa = PBXGroup;
			children = (
				0222D08E2B03C7D200E76CEA /* ClockTests.swift */,
			);
			path = ClockTests;
			sourceTree = "<group>";
		};
		0222D0972B03C7D200E76CEA /* ClockUITests */ = {
			isa = PBXGroup;
			children = (
				0222D0982B03C7D200E76CEA /* ClockUITests.swift */,
				0222D09A2B03C7D200E76CEA /* ClockUITestsLaunchTests.swift */,
			);
			path = ClockUITests;
			sourceTree = "<group>";
		};
/* End PBXGroup section */

/* Begin PBXNativeTarget section */
		0222D0792B03C7D100E76CEA /* Clock */ = {
			isa = PBXNativeTarget;
			buildConfigurationList = 0222D09E2B03C7D200E76CEA /* Build configuration list for PBXNativeTarget "Clock" */;
			buildPhases = (
				0222D0762B03C7D100E76CEA /* Sources */,
				0222D0772B03C7D100E76CEA /* Frameworks */,
				0222D0782B03C7D100E76CEA /* Resources */,
			);
			buildRules = (
			);
			dependencies = (
			);
			name = Clock;
			productName = Clock;
			productReference = 0222D07A2B03C7D100E76CEA /* Clock.app */;
			productType = "com.apple.product-type.application";
		};
		0222D0892B03C7D200E76CEA /* ClockTests */ = {
			isa = PBXNativeTarget;
			buildConfigurationList = 0222D0A12B03C7D200E76CEA /* Build configuration list for PBXNativeTarget "ClockTests" */;
			buildPhases = (
				0222D0862B03C7D200E76CEA /* Sources */,
				0222D0872B03C7D200E76CEA /* Frameworks */,
				0222D0882B03C7D200E76CEA /* Resources */,
			);
			buildRules = (
			);
			dependencies = (
				0222D08C2B03C7D200E76CEA /* PBXTargetDependency */,
			);
			name = ClockTests;
			productName = ClockTests;
			productReference = 0222D08A2B03C7D200E76CEA /* ClockTests.xctest */;
			productType = "com.apple.product-type.bundle.unit-test";
		};
		0222D0932B03C7D200E76CEA /* ClockUITests */ = {
			isa = PBXNativeTarget;
			buildConfigurationList = 0222D0A42B03C7D200E76CEA /* Build configuration list for PBXNativeTarget "ClockUITests" */;
			buildPhases = (
				0222D0902B03C7D200E76CEA /* Sources */,
				0222D0912B03C7D200E76CEA /* Frameworks */,
				0222D0922B03C7D200E76CEA /* Resources */,
			);
			buildRules = (
			);
			dependencies = (
				0222D0962B03C7D200E76CEA /* PBXTargetDependency */,
			);
			name = ClockUITests;
			productName = ClockUITests;
			productReference = 0222D0942B03C7D200E76CEA /* ClockUITests.xctest */;
			productType = "com.apple.product-type.bundle.ui-testing";
		};
/* End PBXNativeTarget section */

/* Begin PBXProject section */
		0222D0722B03C7D100E76CEA /* Project object */ = {
			isa = PBXProject;
			attributes = {
				BuildIndependentTargetsInParallel = 1;
				LastSwiftUpdateCheck = 1500;
				LastUpgradeCheck = 1500;
				TargetAttributes = {
					0222D0792B03C7D100E76CEA = {
						CreatedOnToolsVersion = 15.0.1;
					};
					0222D0892B03C7D200E76CEA = {
						CreatedOnToolsVersion = 15.0.1;
						TestTargetID = 0222D0792B03C7D100E76CEA;
					};
					0222D0932B03C7D200E76CEA = {
						CreatedOnToolsVersion = 15.0.1;
						TestTargetID = 0222D0792B03C7D100E76CEA;
					};
				};
			};
			buildConfigurationList = 0222D0752B03C7D100E76CEA /* Build configuration list for PBXProject "Clock" */;
			compatibilityVersion = "Xcode 14.0";
			developmentRegion = en;
			hasScannedForEncodings = 0;
			knownRegions = (
				en,
				Base,
			);
			mainGroup = 0222D0712B03C7D100E76CEA;
			productRefGroup = 0222D07B2B03C7D100E76CEA /* Products */;
			projectDirPath = "";
			projectRoot = "";
			targets = (
				0222D0792B03C7D100E76CEA /* Clock */,
				0222D0892B03C7D200E76CEA /* ClockTests */,
				0222D0932B03C7D200E76CEA /* ClockUITests */,
			);
		};
/* End PBXProject section */

/* Begin PBXResourcesBuildPhase section */
		0222D0782B03C7D100E76CEA /* Resources */ = {
			isa = PBXResourcesBuildPhase;
			buildActionMask = 2147483647;
			files = (
				0222D0852B03C7D100E76CEA /* Preview Assets.xcassets in Resources */,
				0222D0822B03C7D100E76CEA /* Assets.xcassets in Resources */,
			);
			runOnlyForDeploymentPostprocessing = 0;
		};
		0222D0882B03C7D200E76CEA /* Resources */ = {
			isa = PBXResourcesBuildPhase;
			buildActionMask = 2147483647;
			files = (
			);
			runOnlyForDeploymentPostprocessing = 0;
		};
		0222D0922B03C7D200E76CEA /* Resources */ = {
			isa = PBXResourcesBuildPhase;
			buildActionMask = 2147483647;
			files = (
			);
			runOnlyForDeploymentPostprocessing = 0;
		};
/* End PBXResourcesBuildPhase section */

/* Begin PBXSourcesBuildPhase section */
		0222D0762B03C7D100E76CEA /* Sources */ = {
			isa = PBXSourcesBuildPhase;
			buildActionMask = 2147483647;
			files = (
				024704A12B050C3A00E6166B /* TimerViewModel.swift in Sources */,
				02764C802B04247100427C53 /* ButtonStyleView.swift in Sources */,
				0222D0802B03C7D100E76CEA /* ContentView.swift in Sources */,
				0222D07E2B03C7D100E76CEA /* ClockApp.swift in Sources */,
			);
			runOnlyForDeploymentPostprocessing = 0;
		};
		0222D0862B03C7D200E76CEA /* Sources */ = {
			isa = PBXSourcesBuildPhase;
			buildActionMask = 2147483647;
			files = (
				0222D08F2B03C7D200E76CEA /* ClockTests.swift in Sources */,
			);
			runOnlyForDeploymentPostprocessing = 0;
		};
		0222D0902B03C7D200E76CEA /* Sources */ = {
			isa = PBXSourcesBuildPhase;
			buildActionMask = 2147483647;
			files = (
				0222D0992B03C7D200E76CEA /* ClockUITests.swift in Sources */,
				0222D09B2B03C7D200E76CEA /* ClockUITestsLaunchTests.swift in Sources */,
			);
			runOnlyForDeploymentPostprocessing = 0;
		};
/* End PBXSourcesBuildPhase section */

/* Begin PBXTargetDependency section */
		0222D08C2B03C7D200E76CEA /* PBXTargetDependency */ = {
			isa = PBXTargetDependency;
			target = 0222D0792B03C7D100E76CEA /* Clock */;
			targetProxy = 0222D08B2B03C7D200E76CEA /* PBXContainerItemProxy */;
		};
		0222D0962B03C7D200E76CEA /* PBXTargetDependency */ = {
			isa = PBXTargetDependency;
			target = 0222D0792B03C7D100E76CEA /* Clock */;
			targetProxy = 0222D0952B03C7D200E76CEA /* PBXContainerItemProxy */;
		};
/* End PBXTargetDependency section */

/* Begin XCBuildConfiguration section */
		0222D09C2B03C7D200E76CEA /* Debug */ = {
			isa = XCBuildConfiguration;
			buildSettings = {
				ALWAYS_SEARCH_USER_PATHS = NO;
				ASSETCATALOG_COMPILER_GENERATE_SWIFT_ASSET_SYMBOL_EXTENSIONS = YES;
				CLANG_ANALYZER_NONNULL = YES;
				CLANG_ANALYZER_NUMBER_OBJECT_CONVERSION = YES_AGGRESSIVE;
				CLANG_CXX_LANGUAGE_STANDARD = "gnu++20";
				CLANG_ENABLE_MODULES = YES;
				CLANG_ENABLE_OBJC_ARC = YES;
				CLANG_ENABLE_OBJC_WEAK = YES;
				CLANG_WARN_BLOCK_CAPTURE_AUTORELEASING = YES;
				CLANG_WARN_BOOL_CONVERSION = YES;
				CLANG_WARN_COMMA = YES;
				CLANG_WARN_CONSTANT_CONVERSION = YES;
				CLANG_WARN_DEPRECATED_OBJC_IMPLEMENTATIONS = YES;
				CLANG_WARN_DIRECT_OBJC_ISA_USAGE = YES_ERROR;
				CLANG_WARN_DOCUMENTATION_COMMENTS = YES;
				CLANG_WARN_EMPTY_BODY = YES;
				CLANG_WARN_ENUM_CONVERSION = YES;
				CLANG_WARN_INFINITE_RECURSION = YES;
				CLANG_WARN_INT_CONVERSION = YES;
				CLANG_WARN_NON_LITERAL_NULL_CONVERSION = YES;
				CLANG_WARN_OBJC_IMPLICIT_RETAIN_SELF = YES;
				CLANG_WARN_OBJC_LITERAL_CONVERSION = YES;
				CLANG_WARN_OBJC_ROOT_CLASS = YES_ERROR;
				CLANG_WARN_QUOTED_INCLUDE_IN_FRAMEWORK_HEADER = YES;
				CLANG_WARN_RANGE_LOOP_ANALYSIS = YES;
				CLANG_WARN_STRICT_PROTOTYPES = YES;
				CLANG_WARN_SUSPICIOUS_MOVE = YES;
				CLANG_WARN_UNGUARDED_AVAILABILITY = YES_AGGRESSIVE;
				CLANG_WARN_UNREACHABLE_CODE = YES;
				CLANG_WARN__DUPLICATE_METHOD_MATCH = YES;
				COPY_PHASE_STRIP = NO;
				DEBUG_INFORMATION_FORMAT = dwarf;
				ENABLE_STRICT_OBJC_MSGSEND = YES;
				ENABLE_TESTABILITY = YES;
				ENABLE_USER_SCRIPT_SANDBOXING = YES;
				GCC_C_LANGUAGE_STANDARD = gnu17;
				GCC_DYNAMIC_NO_PIC = NO;
				GCC_NO_COMMON_BLOCKS = YES;
				GCC_OPTIMIZATION_LEVEL = 0;
				GCC_PREPROCESSOR_DEFINITIONS = (
					"DEBUG=1",
					"$(inherited)",
				);
				GCC_WARN_64_TO_32_BIT_CONVERSION = YES;
				GCC_WARN_ABOUT_RETURN_TYPE = YES_ERROR;
				GCC_WARN_UNDECLARED_SELECTOR = YES;
				GCC_WARN_UNINITIALIZED_AUTOS = YES_AGGRESSIVE;
				GCC_WARN_UNUSED_FUNCTION = YES;
				GCC_WARN_UNUSED_VARIABLE = YES;
				IPHONEOS_DEPLOYMENT_TARGET = 17.0;
				LOCALIZATION_PREFERS_STRING_CATALOGS = YES;
				MTL_ENABLE_DEBUG_INFO = INCLUDE_SOURCE;
				MTL_FAST_MATH = YES;
				ONLY_ACTIVE_ARCH = YES;
				SDKROOT = iphoneos;
				SWIFT_ACTIVE_COMPILATION_CONDITIONS = "DEBUG $(inherited)";
				SWIFT_OPTIMIZATION_LEVEL = "-Onone";
			};
			name = Debug;
		};
		0222D09D2B03C7D200E76CEA /* Release */ = {
			isa = XCBuildConfiguration;
			buildSettings = {
				ALWAYS_SEARCH_USER_PATHS = NO;
				ASSETCATALOG_COMPILER_GENERATE_SWIFT_ASSET_SYMBOL_EXTENSIONS = YES;
				CLANG_ANALYZER_NONNULL = YES;
				CLANG_ANALYZER_NUMBER_OBJECT_CONVERSION = YES_AGGRESSIVE;
				CLANG_CXX_LANGUAGE_STANDARD = "gnu++20";
				CLANG_ENABLE_MODULES = YES;
				CLANG_ENABLE_OBJC_ARC = YES;
				CLANG_ENABLE_OBJC_WEAK = YES;
				CLANG_WARN_BLOCK_CAPTURE_AUTORELEASING = YES;
				CLANG_WARN_BOOL_CONVERSION = YES;
				CLANG_WARN_COMMA = YES;
				CLANG_WARN_CONSTANT_CONVERSION = YES;
				CLANG_WARN_DEPRECATED_OBJC_IMPLEMENTATIONS = YES;
				CLANG_WARN_DIRECT_OBJC_ISA_USAGE = YES_ERROR;
				CLANG_WARN_DOCUMENTATION_COMMENTS = YES;
				CLANG_WARN_EMPTY_BODY = YES;
				CLANG_WARN_ENUM_CONVERSION = YES;
				CLANG_WARN_INFINITE_RECURSION = YES;
				CLANG_WARN_INT_CONVERSION = YES;
				CLANG_WARN_NON_LITERAL_NULL_CONVERSION = YES;
				CLANG_WARN_OBJC_IMPLICIT_RETAIN_SELF = YES;
				CLANG_WARN_OBJC_LITERAL_CONVERSION = YES;
				CLANG_WARN_OBJC_ROOT_CLASS = YES_ERROR;
				CLANG_WARN_QUOTED_INCLUDE_IN_FRAMEWORK_HEADER = YES;
				CLANG_WARN_RANGE_LOOP_ANALYSIS = YES;
				CLANG_WARN_STRICT_PROTOTYPES = YES;
				CLANG_WARN_SUSPICIOUS_MOVE = YES;
				CLANG_WARN_UNGUARDED_AVAILABILITY = YES_AGGRESSIVE;
				CLANG_WARN_UNREACHABLE_CODE = YES;
				CLANG_WARN__DUPLICATE_METHOD_MATCH = YES;
				COPY_PHASE_STRIP = NO;
				DEBUG_INFORMATION_FORMAT = "dwarf-with-dsym";
				ENABLE_NS_ASSERTIONS = NO;
				ENABLE_STRICT_OBJC_MSGSEND = YES;
				ENABLE_USER_SCRIPT_SANDBOXING = YES;
				GCC_C_LANGUAGE_STANDARD = gnu17;
				GCC_NO_COMMON_BLOCKS = YES;
				GCC_WARN_64_TO_32_BIT_CONVERSION = YES;
				GCC_WARN_ABOUT_RETURN_TYPE = YES_ERROR;
				GCC_WARN_UNDECLARED_SELECTOR = YES;
				GCC_WARN_UNINITIALIZED_AUTOS = YES_AGGRESSIVE;
				GCC_WARN_UNUSED_FUNCTION = YES;
				GCC_WARN_UNUSED_VARIABLE = YES;
				IPHONEOS_DEPLOYMENT_TARGET = 17.0;
				LOCALIZATION_PREFERS_STRING_CATALOGS = YES;
				MTL_ENABLE_DEBUG_INFO = NO;
				MTL_FAST_MATH = YES;
				SDKROOT = iphoneos;
				SWIFT_COMPILATION_MODE = wholemodule;
				VALIDATE_PRODUCT = YES;
			};
			name = Release;
		};
		0222D09F2B03C7D200E76CEA /* Debug */ = {
			isa = XCBuildConfiguration;
			buildSettings = {
				ASSETCATALOG_COMPILER_APPICON_NAME = AppIcon;
				ASSETCATALOG_COMPILER_GLOBAL_ACCENT_COLOR_NAME = AccentColor;
				CODE_SIGN_STYLE = Automatic;
				CURRENT_PROJECT_VERSION = 1;
				DEVELOPMENT_ASSET_PATHS = "\"Clock/Preview Content\"";
				DEVELOPMENT_TEAM = Q353GR5B72;
				ENABLE_PREVIEWS = YES;
				GENERATE_INFOPLIST_FILE = YES;
				INFOPLIST_KEY_UIApplicationSceneManifest_Generation = YES;
				INFOPLIST_KEY_UIApplicationSupportsIndirectInputEvents = YES;
				INFOPLIST_KEY_UILaunchScreen_Generation = YES;
				INFOPLIST_KEY_UISupportedInterfaceOrientations_iPad = "UIInterfaceOrientationPortrait UIInterfaceOrientationPortraitUpsideDown UIInterfaceOrientationLandscapeLeft UIInterfaceOrientationLandscapeRight";
				INFOPLIST_KEY_UISupportedInterfaceOrientations_iPhone = "UIInterfaceOrientationPortrait UIInterfaceOrientationLandscapeLeft UIInterfaceOrientationLandscapeRight";
				LD_RUNPATH_SEARCH_PATHS = (
					"$(inherited)",
					"@executable_path/Frameworks",
				);
				MARKETING_VERSION = 1.0;
				PRODUCT_BUNDLE_IDENTIFIER = app.Clocklidia;
				PRODUCT_NAME = "$(TARGET_NAME)";
				SWIFT_EMIT_LOC_STRINGS = YES;
				SWIFT_VERSION = 5.0;
				TARGETED_DEVICE_FAMILY = "1,2";
			};
			name = Debug;
		};
		0222D0A02B03C7D200E76CEA /* Release */ = {
			isa = XCBuildConfiguration;
			buildSettings = {
				ASSETCATALOG_COMPILER_APPICON_NAME = AppIcon;
				ASSETCATALOG_COMPILER_GLOBAL_ACCENT_COLOR_NAME = AccentColor;
				CODE_SIGN_STYLE = Automatic;
				CURRENT_PROJECT_VERSION = 1;
				DEVELOPMENT_ASSET_PATHS = "\"Clock/Preview Content\"";
				DEVELOPMENT_TEAM = Q353GR5B72;
				ENABLE_PREVIEWS = YES;
				GENERATE_INFOPLIST_FILE = YES;
				INFOPLIST_KEY_UIApplicationSceneManifest_Generation = YES;
				INFOPLIST_KEY_UIApplicationSupportsIndirectInputEvents = YES;
				INFOPLIST_KEY_UILaunchScreen_Generation = YES;
				INFOPLIST_KEY_UISupportedInterfaceOrientations_iPad = "UIInterfaceOrientationPortrait UIInterfaceOrientationPortraitUpsideDown UIInterfaceOrientationLandscapeLeft UIInterfaceOrientationLandscapeRight";
				INFOPLIST_KEY_UISupportedInterfaceOrientations_iPhone = "UIInterfaceOrientationPortrait UIInterfaceOrientationLandscapeLeft UIInterfaceOrientationLandscapeRight";
				LD_RUNPATH_SEARCH_PATHS = (
					"$(inherited)",
					"@executable_path/Frameworks",
				);
				MARKETING_VERSION = 1.0;
				PRODUCT_BUNDLE_IDENTIFIER = app.Clocklidia;
				PRODUCT_NAME = "$(TARGET_NAME)";
				SWIFT_EMIT_LOC_STRINGS = YES;
				SWIFT_VERSION = 5.0;
				TARGETED_DEVICE_FAMILY = "1,2";
			};
			name = Release;
		};
		0222D0A22B03C7D200E76CEA /* Debug */ = {
			isa = XCBuildConfiguration;
			buildSettings = {
				ALWAYS_EMBED_SWIFT_STANDARD_LIBRARIES = YES;
				BUNDLE_LOADER = "$(TEST_HOST)";
				CODE_SIGN_STYLE = Automatic;
				CURRENT_PROJECT_VERSION = 1;
				DEVELOPMENT_TEAM = Q353GR5B72;
				GENERATE_INFOPLIST_FILE = YES;
				IPHONEOS_DEPLOYMENT_TARGET = 17.0;
				MARKETING_VERSION = 1.0;
				PRODUCT_BUNDLE_IDENTIFIER = app.ClockTests;
				PRODUCT_NAME = "$(TARGET_NAME)";
				SWIFT_EMIT_LOC_STRINGS = NO;
				SWIFT_VERSION = 5.0;
				TARGETED_DEVICE_FAMILY = "1,2";
				TEST_HOST = "$(BUILT_PRODUCTS_DIR)/Clock.app/$(BUNDLE_EXECUTABLE_FOLDER_PATH)/Clock";
			};
			name = Debug;
		};
		0222D0A32B03C7D200E76CEA /* Release */ = {
			isa = XCBuildConfiguration;
			buildSettings = {
				ALWAYS_EMBED_SWIFT_STANDARD_LIBRARIES = YES;
				BUNDLE_LOADER = "$(TEST_HOST)";
				CODE_SIGN_STYLE = Automatic;
				CURRENT_PROJECT_VERSION = 1;
				DEVELOPMENT_TEAM = Q353GR5B72;
				GENERATE_INFOPLIST_FILE = YES;
				IPHONEOS_DEPLOYMENT_TARGET = 17.0;
				MARKETING_VERSION = 1.0;
				PRODUCT_BUNDLE_IDENTIFIER = app.ClockTests;
				PRODUCT_NAME = "$(TARGET_NAME)";
				SWIFT_EMIT_LOC_STRINGS = NO;
				SWIFT_VERSION = 5.0;
				TARGETED_DEVICE_FAMILY = "1,2";
				TEST_HOST = "$(BUILT_PRODUCTS_DIR)/Clock.app/$(BUNDLE_EXECUTABLE_FOLDER_PATH)/Clock";
			};
			name = Release;
		};
		0222D0A52B03C7D200E76CEA /* Debug */ = {
			isa = XCBuildConfiguration;
			buildSettings = {
				ALWAYS_EMBED_SWIFT_STANDARD_LIBRARIES = YES;
				CODE_SIGN_STYLE = Automatic;
				CURRENT_PROJECT_VERSION = 1;
				DEVELOPMENT_TEAM = Q353GR5B72;
				GENERATE_INFOPLIST_FILE = YES;
				MARKETING_VERSION = 1.0;
				PRODUCT_BUNDLE_IDENTIFIER = app.ClockUITests;
				PRODUCT_NAME = "$(TARGET_NAME)";
				SWIFT_EMIT_LOC_STRINGS = NO;
				SWIFT_VERSION = 5.0;
				TARGETED_DEVICE_FAMILY = "1,2";
				TEST_TARGET_NAME = Clock;
			};
			name = Debug;
		};
		0222D0A62B03C7D200E76CEA /* Release */ = {
			isa = XCBuildConfiguration;
			buildSettings = {
				ALWAYS_EMBED_SWIFT_STANDARD_LIBRARIES = YES;
				CODE_SIGN_STYLE = Automatic;
				CURRENT_PROJECT_VERSION = 1;
				DEVELOPMENT_TEAM = Q353GR5B72;
				GENERATE_INFOPLIST_FILE = YES;
				MARKETING_VERSION = 1.0;
				PRODUCT_BUNDLE_IDENTIFIER = app.ClockUITests;
				PRODUCT_NAME = "$(TARGET_NAME)";
				SWIFT_EMIT_LOC_STRINGS = NO;
				SWIFT_VERSION = 5.0;
				TARGETED_DEVICE_FAMILY = "1,2";
				TEST_TARGET_NAME = Clock;
			};
			name = Release;
		};
/* End XCBuildConfiguration section */

/* Begin XCConfigurationList section */
		0222D0752B03C7D100E76CEA /* Build configuration list for PBXProject "Clock" */ = {
			isa = XCConfigurationList;
			buildConfigurations = (
				0222D09C2B03C7D200E76CEA /* Debug */,
				0222D09D2B03C7D200E76CEA /* Release */,
			);
			defaultConfigurationIsVisible = 0;
			defaultConfigurationName = Release;
		};
		0222D09E2B03C7D200E76CEA /* Build configuration list for PBXNativeTarget "Clock" */ = {
			isa = XCConfigurationList;
			buildConfigurations = (
				0222D09F2B03C7D200E76CEA /* Debug */,
				0222D0A02B03C7D200E76CEA /* Release */,
			);
			defaultConfigurationIsVisible = 0;
			defaultConfigurationName = Release;
		};
		0222D0A12B03C7D200E76CEA /* Build configuration list for PBXNativeTarget "ClockTests" */ = {
			isa = XCConfigurationList;
			buildConfigurations = (
				0222D0A22B03C7D200E76CEA /* Debug */,
				0222D0A32B03C7D200E76CEA /* Release */,
			);
			defaultConfigurationIsVisible = 0;
			defaultConfigurationName = Release;
		};
		0222D0A42B03C7D200E76CEA /* Build configuration list for PBXNativeTarget "ClockUITests" */ = {
			isa = XCConfigurationList;
			buildConfigurations = (
				0222D0A52B03C7D200E76CEA /* Debug */,
				0222D0A62B03C7D200E76CEA /* Release */,
			);
			defaultConfigurationIsVisible = 0;
			defaultConfigurationName = Release;
		};
/* End XCConfigurationList section */
	};
	rootObject = 0222D0722B03C7D100E76CEA /* Project object */;
}
